
Microsoft Visual Studio Solution File, Format Version 12.00
# Visual Studio Version 17
VisualStudioVersion = 17.6.33712.159
MinimumVisualStudioVersion = 10.0.40219.1
Project("{FAE04EC0-301F-11D3-BF4B-00C04F79EFBC}") = "snake game", "snake game\snake game.csproj", "{FE19E4C1-DCD4-4EC2-90C5-4CC46DE1B859}"
EndProject
Global
	GlobalSection(SolutionConfigurationPlatforms) = preSolution
		Debug|Any CPU = Debug|Any CPU
		Release|Any CPU = Release|Any CPU
	EndGlobalSection
	GlobalSection(ProjectConfigurationPlatforms) = postSolution
		{FE19E4C1-DCD4-4EC2-90C5-4CC46DE1B859}.Debug|Any CPU.ActiveCfg = Debug|Any CPU
		{FE19E4C1-DCD4-4EC2-90C5-4CC46DE1B859}.Debug|Any CPU.Build.0 = Debug|Any CPU
		{FE19E4C1-DCD4-4EC2-90C5-4CC46DE1B859}.Release|Any CPU.ActiveCfg = Release|Any CPU
		{FE19E4C1-DCD4-4EC2-90C5-4CC46DE1B859}.Release|Any CPU.Build.0 = Release|Any CPU
	EndGlobalSection
	GlobalSection(SolutionProperties) = preSolution
		HideSolutionNode = FALSE
	EndGlobalSection
	GlobalSection(ExtensibilityGlobals) = postSolution
		SolutionGuid = {338565F0-D1A6-4DCF-89C5-BEC8FDA663B3}
	EndGlobalSection
EndGlobal
