
Microsoft Visual Studio Solution File, Format Version 12.00
# Visual Studio Version 17
VisualStudioVersion = 17.6.33712.159
MinimumVisualStudioVersion = 10.0.40219.1
Project("{FAE04EC0-301F-11D3-BF4B-00C04F79EFBC}") = "gtln(mang2chieu)", "gtln(mang2chieu)\gtln(mang2chieu).csproj", "{498D5437-355E-4A1B-ADAA-0C54A12A397F}"
EndProject
Global
	GlobalSection(SolutionConfigurationPlatforms) = preSolution
		Debug|Any CPU = Debug|Any CPU
		Release|Any CPU = Release|Any CPU
	EndGlobalSection
	GlobalSection(ProjectConfigurationPlatforms) = postSolution
		{498D5437-355E-4A1B-ADAA-0C54A12A397F}.Debug|Any CPU.ActiveCfg = Debug|Any CPU
		{498D5437-355E-4A1B-ADAA-0C54A12A397F}.Debug|Any CPU.Build.0 = Debug|Any CPU
		{498D5437-355E-4A1B-ADAA-0C54A12A397F}.Release|Any CPU.ActiveCfg = Release|Any CPU
		{498D5437-355E-4A1B-ADAA-0C54A12A397F}.Release|Any CPU.Build.0 = Release|Any CPU
	EndGlobalSection
	GlobalSection(SolutionProperties) = preSolution
		HideSolutionNode = FALSE
	EndGlobalSection
	GlobalSection(ExtensibilityGlobals) = postSolution
		SolutionGuid = {00A41660-51BD-4CDF-9B3D-B313F36D12DD}
	EndGlobalSection
EndGlobal
