
Microsoft Visual Studio Solution File, Format Version 12.00
# Visual Studio Version 17
VisualStudioVersion = 17.6.33712.159
MinimumVisualStudioVersion = 10.0.40219.1
Project("{FAE04EC0-301F-11D3-BF4B-00C04F79EFBC}") = "tìm giá trị trong mảng", "tìm giá trị trong mảng\tìm giá trị trong mảng.csproj", "{201171B5-68D0-4800-8636-E50FA73B4EC8}"
EndProject
Global
	GlobalSection(SolutionConfigurationPlatforms) = preSolution
		Debug|Any CPU = Debug|Any CPU
		Release|Any CPU = Release|Any CPU
	EndGlobalSection
	GlobalSection(ProjectConfigurationPlatforms) = postSolution
		{201171B5-68D0-4800-8636-E50FA73B4EC8}.Debug|Any CPU.ActiveCfg = Debug|Any CPU
		{201171B5-68D0-4800-8636-E50FA73B4EC8}.Debug|Any CPU.Build.0 = Debug|Any CPU
		{201171B5-68D0-4800-8636-E50FA73B4EC8}.Release|Any CPU.ActiveCfg = Release|Any CPU
		{201171B5-68D0-4800-8636-E50FA73B4EC8}.Release|Any CPU.Build.0 = Release|Any CPU
	EndGlobalSection
	GlobalSection(SolutionProperties) = preSolution
		HideSolutionNode = FALSE
	EndGlobalSection
	GlobalSection(ExtensibilityGlobals) = postSolution
		SolutionGuid = {344F0832-2515-42A2-9DF9-A1082355B752}
	EndGlobalSection
EndGlobal
