
Microsoft Visual Studio Solution File, Format Version 12.00
# Visual Studio Version 17
VisualStudioVersion = 17.6.33712.159
MinimumVisualStudioVersion = 10.0.40219.1
Project("{FAE04EC0-301F-11D3-BF4B-00C04F79EFBC}") = "tongdgcheochinh", "tongdgcheochinh\tongdgcheochinh.csproj", "{D5CF0F6C-6301-4C95-91EF-495F02160263}"
EndProject
Global
	GlobalSection(SolutionConfigurationPlatforms) = preSolution
		Debug|Any CPU = Debug|Any CPU
		Release|Any CPU = Release|Any CPU
	EndGlobalSection
	GlobalSection(ProjectConfigurationPlatforms) = postSolution
		{D5CF0F6C-6301-4C95-91EF-495F02160263}.Debug|Any CPU.ActiveCfg = Debug|Any CPU
		{D5CF0F6C-6301-4C95-91EF-495F02160263}.Debug|Any CPU.Build.0 = Debug|Any CPU
		{D5CF0F6C-6301-4C95-91EF-495F02160263}.Release|Any CPU.ActiveCfg = Release|Any CPU
		{D5CF0F6C-6301-4C95-91EF-495F02160263}.Release|Any CPU.Build.0 = Release|Any CPU
	EndGlobalSection
	GlobalSection(SolutionProperties) = preSolution
		HideSolutionNode = FALSE
	EndGlobalSection
	GlobalSection(ExtensibilityGlobals) = postSolution
		SolutionGuid = {B22D54D1-60ED-4730-9680-997DB1D5C4A7}
	EndGlobalSection
EndGlobal
