
Microsoft Visual Studio Solution File, Format Version 12.00
# Visual Studio Version 17
VisualStudioVersion = 17.6.33712.159
MinimumVisualStudioVersion = 10.0.40219.1
Project("{FAE04EC0-301F-11D3-BF4B-00C04F79EFBC}") = "hwif1", "hwif1\hwif1.csproj", "{56D41E78-8DDD-4331-B1A7-68223EC4929E}"
EndProject
Global
	GlobalSection(SolutionConfigurationPlatforms) = preSolution
		Debug|Any CPU = Debug|Any CPU
		Release|Any CPU = Release|Any CPU
	EndGlobalSection
	GlobalSection(ProjectConfigurationPlatforms) = postSolution
		{56D41E78-8DDD-4331-B1A7-68223EC4929E}.Debug|Any CPU.ActiveCfg = Debug|Any CPU
		{56D41E78-8DDD-4331-B1A7-68223EC4929E}.Debug|Any CPU.Build.0 = Debug|Any CPU
		{56D41E78-8DDD-4331-B1A7-68223EC4929E}.Release|Any CPU.ActiveCfg = Release|Any CPU
		{56D41E78-8DDD-4331-B1A7-68223EC4929E}.Release|Any CPU.Build.0 = Release|Any CPU
	EndGlobalSection
	GlobalSection(SolutionProperties) = preSolution
		HideSolutionNode = FALSE
	EndGlobalSection
	GlobalSection(ExtensibilityGlobals) = postSolution
		SolutionGuid = {A4385FBC-BD15-45A7-B1B5-AE4F6098370B}
	EndGlobalSection
EndGlobal
